
Microsoft Visual Studio Solution File, Format Version 12.00
# Visual Studio 15
VisualStudioVersion = 15.0.27428.2011
MinimumVisualStudioVersion = 10.0.40219.1
Project("{9A19103F-16F7-4668-BE54-9A1E7A4F7556}") = "ServerlessParking.Application", "ServerlessParking.Application\ServerlessParking.Application.csproj", "{9863E7FC-414E-4EF5-8D9E-B9020D9692E7}"
EndProject
Project("{9A19103F-16F7-4668-BE54-9A1E7A4F7556}") = "ServerlessParking.Application.UnitTests", "ServerlessParking.Application.UnitTests\ServerlessParking.Application.UnitTests.csproj", "{46414FD6-CF5F-4F0D-AE1A-68C85FF189DE}"
EndProject
Project("{9A19103F-16F7-4668-BE54-9A1E7A4F7556}") = "ServerlessParking.Domain", "ServerlessParking.Domain\ServerlessParking.Domain.csproj", "{BEAC3FB5-C844-48FE-8969-6B6147E2A202}"
EndProject
Project("{9A19103F-16F7-4668-BE54-9A1E7A4F7556}") = "ServerlessParking.Repositories", "ServerlessParking.Repositories\ServerlessParking.Repositories.csproj", "{9C61E01A-59E2-4C93-8004-6590E2ADFCA5}"
EndProject
Project("{9A19103F-16F7-4668-BE54-9A1E7A4F7556}") = "ServerlessParking.Services", "ServerlessParking.Services\ServerlessParking.Services.csproj", "{01CD3ABE-864B-4924-8BDE-FEE97266EFB0}"
EndProject
Global
	GlobalSection(SolutionConfigurationPlatforms) = preSolution
		Debug|Any CPU = Debug|Any CPU
		Release|Any CPU = Release|Any CPU
	EndGlobalSection
	GlobalSection(ProjectConfigurationPlatforms) = postSolution
		{9863E7FC-414E-4EF5-8D9E-B9020D9692E7}.Debug|Any CPU.ActiveCfg = Debug|Any CPU
		{9863E7FC-414E-4EF5-8D9E-B9020D9692E7}.Debug|Any CPU.Build.0 = Debug|Any CPU
		{9863E7FC-414E-4EF5-8D9E-B9020D9692E7}.Release|Any CPU.ActiveCfg = Release|Any CPU
		{9863E7FC-414E-4EF5-8D9E-B9020D9692E7}.Release|Any CPU.Build.0 = Release|Any CPU
		{46414FD6-CF5F-4F0D-AE1A-68C85FF189DE}.Debug|Any CPU.ActiveCfg = Debug|Any CPU
		{46414FD6-CF5F-4F0D-AE1A-68C85FF189DE}.Debug|Any CPU.Build.0 = Debug|Any CPU
		{46414FD6-CF5F-4F0D-AE1A-68C85FF189DE}.Release|Any CPU.ActiveCfg = Release|Any CPU
		{46414FD6-CF5F-4F0D-AE1A-68C85FF189DE}.Release|Any CPU.Build.0 = Release|Any CPU
		{BEAC3FB5-C844-48FE-8969-6B6147E2A202}.Debug|Any CPU.ActiveCfg = Debug|Any CPU
		{BEAC3FB5-C844-48FE-8969-6B6147E2A202}.Debug|Any CPU.Build.0 = Debug|Any CPU
		{BEAC3FB5-C844-48FE-8969-6B6147E2A202}.Release|Any CPU.ActiveCfg = Release|Any CPU
		{BEAC3FB5-C844-48FE-8969-6B6147E2A202}.Release|Any CPU.Build.0 = Release|Any CPU
		{9C61E01A-59E2-4C93-8004-6590E2ADFCA5}.Debug|Any CPU.ActiveCfg = Debug|Any CPU
		{9C61E01A-59E2-4C93-8004-6590E2ADFCA5}.Debug|Any CPU.Build.0 = Debug|Any CPU
		{9C61E01A-59E2-4C93-8004-6590E2ADFCA5}.Release|Any CPU.ActiveCfg = Release|Any CPU
		{9C61E01A-59E2-4C93-8004-6590E2ADFCA5}.Release|Any CPU.Build.0 = Release|Any CPU
		{01CD3ABE-864B-4924-8BDE-FEE97266EFB0}.Debug|Any CPU.ActiveCfg = Debug|Any CPU
		{01CD3ABE-864B-4924-8BDE-FEE97266EFB0}.Debug|Any CPU.Build.0 = Debug|Any CPU
		{01CD3ABE-864B-4924-8BDE-FEE97266EFB0}.Release|Any CPU.ActiveCfg = Release|Any CPU
		{01CD3ABE-864B-4924-8BDE-FEE97266EFB0}.Release|Any CPU.Build.0 = Release|Any CPU
	EndGlobalSection
	GlobalSection(SolutionProperties) = preSolution
		HideSolutionNode = FALSE
	EndGlobalSection
	GlobalSection(ExtensibilityGlobals) = postSolution
		SolutionGuid = {EB412916-6F12-4C28-96E0-F068898B0D4B}
	EndGlobalSection
EndGlobal
